
Microsoft Visual Studio Solution File, Format Version 12.00
# Visual Studio Version 16
VisualStudioVersion = 16.0.31624.102
MinimumVisualStudioVersion = 10.0.40219.1
Project("{FAE04EC0-301F-11D3-BF4B-00C04F79EFBC}") = "EmployeesData", "EmployeesData\EmployeesData.csproj", "{A28455AC-25C5-4583-B577-440E48CF5788}"
EndProject
Global
	GlobalSection(SolutionConfigurationPlatforms) = preSolution
		Debug|Any CPU = Debug|Any CPU
		Release|Any CPU = Release|Any CPU
	EndGlobalSection
	GlobalSection(ProjectConfigurationPlatforms) = postSolution
		{A28455AC-25C5-4583-B577-440E48CF5788}.Debug|Any CPU.ActiveCfg = Debug|Any CPU
		{A28455AC-25C5-4583-B577-440E48CF5788}.Debug|Any CPU.Build.0 = Debug|Any CPU
		{A28455AC-25C5-4583-B577-440E48CF5788}.Release|Any CPU.ActiveCfg = Release|Any CPU
		{A28455AC-25C5-4583-B577-440E48CF5788}.Release|Any CPU.Build.0 = Release|Any CPU
	EndGlobalSection
	GlobalSection(SolutionProperties) = preSolution
		HideSolutionNode = FALSE
	EndGlobalSection
	GlobalSection(ExtensibilityGlobals) = postSolution
		SolutionGuid = {DC2AC68C-C34E-4454-AD4D-DFDE058F1CEA}
	EndGlobalSection
EndGlobal
